// !$*UTF8*$!
{
	archiveVersion = 1;
	classes = {
	};
	objectVersion = 52;
	objects = {

/* Begin PBXBuildFile section */
		E90E7F4826C2352900FB7251 /* AppDelegate.swift in Sources */ = {isa = PBXBuildFile; fileRef = E90E7F4726C2352900FB7251 /* AppDelegate.swift */; };
		E90E7F4A26C2352900FB7251 /* SceneDelegate.swift in Sources */ = {isa = PBXBuildFile; fileRef = E90E7F4926C2352900FB7251 /* SceneDelegate.swift */; };
		E90E7F4C26C2352900FB7251 /* TabBarController.swift in Sources */ = {isa = PBXBuildFile; fileRef = E90E7F4B26C2352900FB7251 /* TabBarController.swift */; };
		E90E7F5126C2352B00FB7251 /* Assets.xcassets in Resources */ = {isa = PBXBuildFile; fileRef = E90E7F5026C2352B00FB7251 /* Assets.xcassets */; };
		E90E7F5426C2352B00FB7251 /* LaunchScreen.storyboard in Resources */ = {isa = PBXBuildFile; fileRef = E90E7F5226C2352B00FB7251 /* LaunchScreen.storyboard */; };
		E90E7F5D26C2362800FB7251 /* Kingfisher in Frameworks */ = {isa = PBXBuildFile; productRef = E90E7F5C26C2362800FB7251 /* Kingfisher */; };
		E90E7F6026C2365F00FB7251 /* SnapKit in Frameworks */ = {isa = PBXBuildFile; productRef = E90E7F5F26C2365F00FB7251 /* SnapKit */; };
		E90E7F6426C2405600FB7251 /* TodayViewController.swift in Sources */ = {isa = PBXBuildFile; fileRef = E90E7F6326C2405600FB7251 /* TodayViewController.swift */; };
		E90E7F6626C24D9600FB7251 /* TodayCollectionViewCell.swift in Sources */ = {isa = PBXBuildFile; fileRef = E90E7F6526C24D9600FB7251 /* TodayCollectionViewCell.swift */; };
		E90E7F6826C2507600FB7251 /* TodayCollectionHeaderView.swift in Sources */ = {isa = PBXBuildFile; fileRef = E90E7F6726C2507600FB7251 /* TodayCollectionHeaderView.swift */; };
		E90E7F6A26C267AB00FB7251 /* AppViewController.swift in Sources */ = {isa = PBXBuildFile; fileRef = E90E7F6926C267AB00FB7251 /* AppViewController.swift */; };
		E90E7F6D26C26C8C00FB7251 /* FeatureSectionView.swift in Sources */ = {isa = PBXBuildFile; fileRef = E90E7F6C26C26C8C00FB7251 /* FeatureSectionView.swift */; };
		E90E7F6F26C26EB400FB7251 /* FeatureSectionCollectionViewCell.swift in Sources */ = {isa = PBXBuildFile; fileRef = E90E7F6E26C26EB400FB7251 /* FeatureSectionCollectionViewCell.swift */; };
		E90E7F7126C26F9C00FB7251 /* SeparatorView.swift in Sources */ = {isa = PBXBuildFile; fileRef = E90E7F7026C26F9C00FB7251 /* SeparatorView.swift */; };
		E90E7F7926C27A3D00FB7251 /* RankingFeatureSectionView.swift in Sources */ = {isa = PBXBuildFile; fileRef = E90E7F7826C27A3D00FB7251 /* RankingFeatureSectionView.swift */; };
		E90E7F7B26C27B9300FB7251 /* RankingFeatureCollectionViewCell.swift in Sources */ = {isa = PBXBuildFile; fileRef = E90E7F7A26C27B9300FB7251 /* RankingFeatureCollectionViewCell.swift */; };
		E90E7F7D26C27D1300FB7251 /* ExchangeCodeButtonView.swift in Sources */ = {isa = PBXBuildFile; fileRef = E90E7F7C26C27D1300FB7251 /* ExchangeCodeButtonView.swift */; };
		E90E7F8126C2ADCC00FB7251 /* AppDetailViewController.swift in Sources */ = {isa = PBXBuildFile; fileRef = E90E7F8026C2ADCC00FB7251 /* AppDetailViewController.swift */; };
		E90E7F8526C2BA1200FB7251 /* Today.plist in Resources */ = {isa = PBXBuildFile; fileRef = E90E7F8226C2BA1200FB7251 /* Today.plist */; };
		E90E7F8626C2BA1200FB7251 /* Feature.plist in Resources */ = {isa = PBXBuildFile; fileRef = E90E7F8326C2BA1200FB7251 /* Feature.plist */; };
		E90E7F8726C2BA1200FB7251 /* RankingFeature.plist in Resources */ = {isa = PBXBuildFile; fileRef = E90E7F8426C2BA1200FB7251 /* RankingFeature.plist */; };
		E90E7F8A26C2BABE00FB7251 /* Today.swift in Sources */ = {isa = PBXBuildFile; fileRef = E90E7F8926C2BABE00FB7251 /* Today.swift */; };
		E90E7F8C26C2BB3A00FB7251 /* Feature.swift in Sources */ = {isa = PBXBuildFile; fileRef = E90E7F8B26C2BB3A00FB7251 /* Feature.swift */; };
		E90E7F8E26C2BBCF00FB7251 /* RankingFeature.swift in Sources */ = {isa = PBXBuildFile; fileRef = E90E7F8D26C2BBCF00FB7251 /* RankingFeature.swift */; };
/* End PBXBuildFile section */

/* Begin PBXFileReference section */
		E90E7F4426C2352900FB7251 /* AppStore.app */ = {isa = PBXFileReference; explicitFileType = wrapper.application; includeInIndex = 0; path = AppStore.app; sourceTree = BUILT_PRODUCTS_DIR; };
		E90E7F4726C2352900FB7251 /* AppDelegate.swift */ = {isa = PBXFileReference; lastKnownFileType = sourcecode.swift; path = AppDelegate.swift; sourceTree = "<group>"; };
		E90E7F4926C2352900FB7251 /* SceneDelegate.swift */ = {isa = PBXFileReference; lastKnownFileType = sourcecode.swift; path = SceneDelegate.swift; sourceTree = "<group>"; };
		E90E7F4B26C2352900FB7251 /* TabBarController.swift */ = {isa = PBXFileReference; lastKnownFileType = sourcecode.swift; path = TabBarController.swift; sourceTree = "<group>"; };
		E90E7F5026C2352B00FB7251 /* Assets.xcassets */ = {isa = PBXFileReference; lastKnownFileType = folder.assetcatalog; path = Assets.xcassets; sourceTree = "<group>"; };
		E90E7F5326C2352B00FB7251 /* Base */ = {isa = PBXFileReference; lastKnownFileType = file.storyboard; name = Base; path = Base.lproj/LaunchScreen.storyboard; sourceTree = "<group>"; };
		E90E7F5526C2352B00FB7251 /* Info.plist */ = {isa = PBXFileReference; lastKnownFileType = text.plist.xml; path = Info.plist; sourceTree = "<group>"; };
		E90E7F6326C2405600FB7251 /* TodayViewController.swift */ = {isa = PBXFileReference; lastKnownFileType = sourcecode.swift; path = TodayViewController.swift; sourceTree = "<group>"; };
		E90E7F6526C24D9600FB7251 /* TodayCollectionViewCell.swift */ = {isa = PBXFileReference; lastKnownFileType = sourcecode.swift; path = TodayCollectionViewCell.swift; sourceTree = "<group>"; };
		E90E7F6726C2507600FB7251 /* TodayCollectionHeaderView.swift */ = {isa = PBXFileReference; lastKnownFileType = sourcecode.swift; path = TodayCollectionHeaderView.swift; sourceTree = "<group>"; };
		E90E7F6926C267AB00FB7251 /* AppViewController.swift */ = {isa = PBXFileReference; lastKnownFileType = sourcecode.swift; path = AppViewController.swift; sourceTree = "<group>"; };
		E90E7F6C26C26C8C00FB7251 /* FeatureSectionView.swift */ = {isa = PBXFileReference; lastKnownFileType = sourcecode.swift; path = FeatureSectionView.swift; sourceTree = "<group>"; };
		E90E7F6E26C26EB400FB7251 /* FeatureSectionCollectionViewCell.swift */ = {isa = PBXFileReference; lastKnownFileType = sourcecode.swift; path = FeatureSectionCollectionViewCell.swift; sourceTree = "<group>"; };
		E90E7F7026C26F9C00FB7251 /* SeparatorView.swift */ = {isa = PBXFileReference; lastKnownFileType = sourcecode.swift; path = SeparatorView.swift; sourceTree = "<group>"; };
		E90E7F7826C27A3D00FB7251 /* RankingFeatureSectionView.swift */ = {isa = PBXFileReference; lastKnownFileType = sourcecode.swift; path = RankingFeatureSectionView.swift; sourceTree = "<group>"; };
		E90E7F7A26C27B9300FB7251 /* RankingFeatureCollectionViewCell.swift */ = {isa = PBXFileReference; lastKnownFileType = sourcecode.swift; path = RankingFeatureCollectionViewCell.swift; sourceTree = "<group>"; };
		E90E7F7C26C27D1300FB7251 /* ExchangeCodeButtonView.swift */ = {isa = PBXFileReference; lastKnownFileType = sourcecode.swift; path = ExchangeCodeButtonView.swift; sourceTree = "<group>"; };
		E90E7F8026C2ADCC00FB7251 /* AppDetailViewController.swift */ = {isa = PBXFileReference; lastKnownFileType = sourcecode.swift; path = AppDetailViewController.swift; sourceTree = "<group>"; };
		E90E7F8226C2BA1200FB7251 /* Today.plist */ = {isa = PBXFileReference; fileEncoding = 4; lastKnownFileType = text.plist.xml; path = Today.plist; sourceTree = "<group>"; };
		E90E7F8326C2BA1200FB7251 /* Feature.plist */ = {isa = PBXFileReference; fileEncoding = 4; lastKnownFileType = text.plist.xml; path = Feature.plist; sourceTree = "<group>"; };
		E90E7F8426C2BA1200FB7251 /* RankingFeature.plist */ = {isa = PBXFileReference; fileEncoding = 4; lastKnownFileType = text.plist.xml; path = RankingFeature.plist; sourceTree = "<group>"; };
		E90E7F8926C2BABE00FB7251 /* Today.swift */ = {isa = PBXFileReference; lastKnownFileType = sourcecode.swift; path = Today.swift; sourceTree = "<group>"; };
		E90E7F8B26C2BB3A00FB7251 /* Feature.swift */ = {isa = PBXFileReference; lastKnownFileType = sourcecode.swift; path = Feature.swift; sourceTree = "<group>"; };
		E90E7F8D26C2BBCF00FB7251 /* RankingFeature.swift */ = {isa = PBXFileReference; lastKnownFileType = sourcecode.swift; path = RankingFeature.swift; sourceTree = "<group>"; };
/* End PBXFileReference section */

/* Begin PBXFrameworksBuildPhase section */
		E90E7F4126C2352900FB7251 /* Frameworks */ = {
			isa = PBXFrameworksBuildPhase;
			buildActionMask = 2147483647;
			files = (
				E90E7F5D26C2362800FB7251 /* Kingfisher in Frameworks */,
				E90E7F6026C2365F00FB7251 /* SnapKit in Frameworks */,
			);
			runOnlyForDeploymentPostprocessing = 0;
		};
/* End PBXFrameworksBuildPhase section */

/* Begin PBXGroup section */
		E90E7F3B26C2352900FB7251 = {
			isa = PBXGroup;
			children = (
				E90E7F4626C2352900FB7251 /* AppStore */,
				E90E7F4526C2352900FB7251 /* Products */,
			);
			sourceTree = "<group>";
		};
		E90E7F4526C2352900FB7251 /* Products */ = {
			isa = PBXGroup;
			children = (
				E90E7F4426C2352900FB7251 /* AppStore.app */,
			);
			name = Products;
			sourceTree = "<group>";
		};
		E90E7F4626C2352900FB7251 /* AppStore */ = {
			isa = PBXGroup;
			children = (
				E90E7F4726C2352900FB7251 /* AppDelegate.swift */,
				E90E7F4926C2352900FB7251 /* SceneDelegate.swift */,
				E90E7F8926C2BABE00FB7251 /* Today.swift */,
				E90E7F8B26C2BB3A00FB7251 /* Feature.swift */,
				E90E7F8D26C2BBCF00FB7251 /* RankingFeature.swift */,
				E90E7F8826C2BA1800FB7251 /* Data */,
				E90E7F6126C2402A00FB7251 /* Scenes */,
				E90E7F5026C2352B00FB7251 /* Assets.xcassets */,
				E90E7F5226C2352B00FB7251 /* LaunchScreen.storyboard */,
				E90E7F5526C2352B00FB7251 /* Info.plist */,
			);
			path = AppStore;
			sourceTree = "<group>";
		};
		E90E7F6126C2402A00FB7251 /* Scenes */ = {
			isa = PBXGroup;
			children = (
				E90E7F6B26C267AF00FB7251 /* App */,
				E90E7F6226C2404500FB7251 /* Today */,
				E90E7F4B26C2352900FB7251 /* TabBarController.swift */,
				E90E7F8026C2ADCC00FB7251 /* AppDetailViewController.swift */,
			);
			path = Scenes;
			sourceTree = "<group>";
		};
		E90E7F6226C2404500FB7251 /* Today */ = {
			isa = PBXGroup;
			children = (
				E90E7F6326C2405600FB7251 /* TodayViewController.swift */,
				E90E7F6526C24D9600FB7251 /* TodayCollectionViewCell.swift */,
				E90E7F6726C2507600FB7251 /* TodayCollectionHeaderView.swift */,
			);
			path = Today;
			sourceTree = "<group>";
		};
		E90E7F6B26C267AF00FB7251 /* App */ = {
			isa = PBXGroup;
			children = (
				E90E7F6926C267AB00FB7251 /* AppViewController.swift */,
				E90E7F6C26C26C8C00FB7251 /* FeatureSectionView.swift */,
				E90E7F6E26C26EB400FB7251 /* FeatureSectionCollectionViewCell.swift */,
				E90E7F7026C26F9C00FB7251 /* SeparatorView.swift */,
				E90E7F7826C27A3D00FB7251 /* RankingFeatureSectionView.swift */,
				E90E7F7A26C27B9300FB7251 /* RankingFeatureCollectionViewCell.swift */,
				E90E7F7C26C27D1300FB7251 /* ExchangeCodeButtonView.swift */,
			);
			path = App;
			sourceTree = "<group>";
		};
		E90E7F8826C2BA1800FB7251 /* Data */ = {
			isa = PBXGroup;
			children = (
				E90E7F8326C2BA1200FB7251 /* Feature.plist */,
				E90E7F8426C2BA1200FB7251 /* RankingFeature.plist */,
				E90E7F8226C2BA1200FB7251 /* Today.plist */,
			);
			path = Data;
			sourceTree = "<group>";
		};
/* End PBXGroup section */

/* Begin PBXNativeTarget section */
		E90E7F4326C2352900FB7251 /* AppStore */ = {
			isa = PBXNativeTarget;
			buildConfigurationList = E90E7F5826C2352B00FB7251 /* Build configuration list for PBXNativeTarget "AppStore" */;
			buildPhases = (
				E90E7F4026C2352900FB7251 /* Sources */,
				E90E7F4126C2352900FB7251 /* Frameworks */,
				E90E7F4226C2352900FB7251 /* Resources */,
			);
			buildRules = (
			);
			dependencies = (
			);
			name = AppStore;
			packageProductDependencies = (
				E90E7F5C26C2362800FB7251 /* Kingfisher */,
				E90E7F5F26C2365F00FB7251 /* SnapKit */,
			);
			productName = AppStore;
			productReference = E90E7F4426C2352900FB7251 /* AppStore.app */;
			productType = "com.apple.product-type.application";
		};
/* End PBXNativeTarget section */

/* Begin PBXProject section */
		E90E7F3C26C2352900FB7251 /* Project object */ = {
			isa = PBXProject;
			attributes = {
				LastSwiftUpdateCheck = 1250;
				LastUpgradeCheck = 1250;
				TargetAttributes = {
					E90E7F4326C2352900FB7251 = {
						CreatedOnToolsVersion = 12.5.1;
					};
				};
			};
			buildConfigurationList = E90E7F3F26C2352900FB7251 /* Build configuration list for PBXProject "AppStore" */;
			compatibilityVersion = "Xcode 9.3";
			developmentRegion = en;
			hasScannedForEncodings = 0;
			knownRegions = (
				en,
				Base,
			);
			mainGroup = E90E7F3B26C2352900FB7251;
			packageReferences = (
				E90E7F5B26C2362800FB7251 /* XCRemoteSwiftPackageReference "Kingfisher" */,
				E90E7F5E26C2365F00FB7251 /* XCRemoteSwiftPackageReference "SnapKit" */,
			);
			productRefGroup = E90E7F4526C2352900FB7251 /* Products */;
			projectDirPath = "";
			projectRoot = "";
			targets = (
				E90E7F4326C2352900FB7251 /* AppStore */,
			);
		};
/* End PBXProject section */

/* Begin PBXResourcesBuildPhase section */
		E90E7F4226C2352900FB7251 /* Resources */ = {
			isa = PBXResourcesBuildPhase;
			buildActionMask = 2147483647;
			files = (
				E90E7F5426C2352B00FB7251 /* LaunchScreen.storyboard in Resources */,
				E90E7F8726C2BA1200FB7251 /* RankingFeature.plist in Resources */,
				E90E7F8526C2BA1200FB7251 /* Today.plist in Resources */,
				E90E7F5126C2352B00FB7251 /* Assets.xcassets in Resources */,
				E90E7F8626C2BA1200FB7251 /* Feature.plist in Resources */,
			);
			runOnlyForDeploymentPostprocessing = 0;
		};
/* End PBXResourcesBuildPhase section */

/* Begin PBXSourcesBuildPhase section */
		E90E7F4026C2352900FB7251 /* Sources */ = {
			isa = PBXSourcesBuildPhase;
			buildActionMask = 2147483647;
			files = (
				E90E7F6426C2405600FB7251 /* TodayViewController.swift in Sources */,
				E90E7F8A26C2BABE00FB7251 /* Today.swift in Sources */,
				E90E7F4C26C2352900FB7251 /* TabBarController.swift in Sources */,
				E90E7F7D26C27D1300FB7251 /* ExchangeCodeButtonView.swift in Sources */,
				E90E7F8E26C2BBCF00FB7251 /* RankingFeature.swift in Sources */,
				E90E7F8C26C2BB3A00FB7251 /* Feature.swift in Sources */,
				E90E7F7126C26F9C00FB7251 /* SeparatorView.swift in Sources */,
				E90E7F4826C2352900FB7251 /* AppDelegate.swift in Sources */,
				E90E7F6826C2507600FB7251 /* TodayCollectionHeaderView.swift in Sources */,
				E90E7F6A26C267AB00FB7251 /* AppViewController.swift in Sources */,
				E90E7F6F26C26EB400FB7251 /* FeatureSectionCollectionViewCell.swift in Sources */,
				E90E7F4A26C2352900FB7251 /* SceneDelegate.swift in Sources */,
				E90E7F6626C24D9600FB7251 /* TodayCollectionViewCell.swift in Sources */,
				E90E7F6D26C26C8C00FB7251 /* FeatureSectionView.swift in Sources */,
				E90E7F8126C2ADCC00FB7251 /* AppDetailViewController.swift in Sources */,
				E90E7F7B26C27B9300FB7251 /* RankingFeatureCollectionViewCell.swift in Sources */,
				E90E7F7926C27A3D00FB7251 /* RankingFeatureSectionView.swift in Sources */,
			);
			runOnlyForDeploymentPostprocessing = 0;
		};
/* End PBXSourcesBuildPhase section */

/* Begin PBXVariantGroup section */
		E90E7F5226C2352B00FB7251 /* LaunchScreen.storyboard */ = {
			isa = PBXVariantGroup;
			children = (
				E90E7F5326C2352B00FB7251 /* Base */,
			);
			name = LaunchScreen.storyboard;
			sourceTree = "<group>";
		};
/* End PBXVariantGroup section */

/* Begin XCBuildConfiguration section */
		E90E7F5626C2352B00FB7251 /* Debug */ = {
			isa = XCBuildConfiguration;
			buildSettings = {
				ALWAYS_SEARCH_USER_PATHS = NO;
				CLANG_ANALYZER_NONNULL = YES;
				CLANG_ANALYZER_NUMBER_OBJECT_CONVERSION = YES_AGGRESSIVE;
				CLANG_CXX_LANGUAGE_STANDARD = "gnu++14";
				CLANG_CXX_LIBRARY = "libc++";
				CLANG_ENABLE_MODULES = YES;
				CLANG_ENABLE_OBJC_ARC = YES;
				CLANG_ENABLE_OBJC_WEAK = YES;
				CLANG_WARN_BLOCK_CAPTURE_AUTORELEASING = YES;
				CLANG_WARN_BOOL_CONVERSION = YES;
				CLANG_WARN_COMMA = YES;
				CLANG_WARN_CONSTANT_CONVERSION = YES;
				CLANG_WARN_DEPRECATED_OBJC_IMPLEMENTATIONS = YES;
				CLANG_WARN_DIRECT_OBJC_ISA_USAGE = YES_ERROR;
				CLANG_WARN_DOCUMENTATION_COMMENTS = YES;
				CLANG_WARN_EMPTY_BODY = YES;
				CLANG_WARN_ENUM_CONVERSION = YES;
				CLANG_WARN_INFINITE_RECURSION = YES;
				CLANG_WARN_INT_CONVERSION = YES;
				CLANG_WARN_NON_LITERAL_NULL_CONVERSION = YES;
				CLANG_WARN_OBJC_IMPLICIT_RETAIN_SELF = YES;
				CLANG_WARN_OBJC_LITERAL_CONVERSION = YES;
				CLANG_WARN_OBJC_ROOT_CLASS = YES_ERROR;
				CLANG_WARN_QUOTED_INCLUDE_IN_FRAMEWORK_HEADER = YES;
				CLANG_WARN_RANGE_LOOP_ANALYSIS = YES;
				CLANG_WARN_STRICT_PROTOTYPES = YES;
				CLANG_WARN_SUSPICIOUS_MOVE = YES;
				CLANG_WARN_UNGUARDED_AVAILABILITY = YES_AGGRESSIVE;
				CLANG_WARN_UNREACHABLE_CODE = YES;
				CLANG_WARN__DUPLICATE_METHOD_MATCH = YES;
				COPY_PHASE_STRIP = NO;
				DEBUG_INFORMATION_FORMAT = dwarf;
				ENABLE_STRICT_OBJC_MSGSEND = YES;
				ENABLE_TESTABILITY = YES;
				GCC_C_LANGUAGE_STANDARD = gnu11;
				GCC_DYNAMIC_NO_PIC = NO;
				GCC_NO_COMMON_BLOCKS = YES;
				GCC_OPTIMIZATION_LEVEL = 0;
				GCC_PREPROCESSOR_DEFINITIONS = (
					"DEBUG=1",
					"$(inherited)",
				);
				GCC_WARN_64_TO_32_BIT_CONVERSION = YES;
				GCC_WARN_ABOUT_RETURN_TYPE = YES_ERROR;
				GCC_WARN_UNDECLARED_SELECTOR = YES;
				GCC_WARN_UNINITIALIZED_AUTOS = YES_AGGRESSIVE;
				GCC_WARN_UNUSED_FUNCTION = YES;
				GCC_WARN_UNUSED_VARIABLE = YES;
				IPHONEOS_DEPLOYMENT_TARGET = 14.5;
				MTL_ENABLE_DEBUG_INFO = INCLUDE_SOURCE;
				MTL_FAST_MATH = YES;
				ONLY_ACTIVE_ARCH = YES;
				SDKROOT = iphoneos;
				SWIFT_ACTIVE_COMPILATION_CONDITIONS = DEBUG;
				SWIFT_OPTIMIZATION_LEVEL = "-Onone";
			};
			name = Debug;
		};
		E90E7F5726C2352B00FB7251 /* Release */ = {
			isa = XCBuildConfiguration;
			buildSettings = {
				ALWAYS_SEARCH_USER_PATHS = NO;
				CLANG_ANALYZER_NONNULL = YES;
				CLANG_ANALYZER_NUMBER_OBJECT_CONVERSION = YES_AGGRESSIVE;
				CLANG_CXX_LANGUAGE_STANDARD = "gnu++14";
				CLANG_CXX_LIBRARY = "libc++";
				CLANG_ENABLE_MODULES = YES;
				CLANG_ENABLE_OBJC_ARC = YES;
				CLANG_ENABLE_OBJC_WEAK = YES;
				CLANG_WARN_BLOCK_CAPTURE_AUTORELEASING = YES;
				CLANG_WARN_BOOL_CONVERSION = YES;
				CLANG_WARN_COMMA = YES;
				CLANG_WARN_CONSTANT_CONVERSION = YES;
				CLANG_WARN_DEPRECATED_OBJC_IMPLEMENTATIONS = YES;
				CLANG_WARN_DIRECT_OBJC_ISA_USAGE = YES_ERROR;
				CLANG_WARN_DOCUMENTATION_COMMENTS = YES;
				CLANG_WARN_EMPTY_BODY = YES;
				CLANG_WARN_ENUM_CONVERSION = YES;
				CLANG_WARN_INFINITE_RECURSION = YES;
				CLANG_WARN_INT_CONVERSION = YES;
				CLANG_WARN_NON_LITERAL_NULL_CONVERSION = YES;
				CLANG_WARN_OBJC_IMPLICIT_RETAIN_SELF = YES;
				CLANG_WARN_OBJC_LITERAL_CONVERSION = YES;
				CLANG_WARN_OBJC_ROOT_CLASS = YES_ERROR;
				CLANG_WARN_QUOTED_INCLUDE_IN_FRAMEWORK_HEADER = YES;
				CLANG_WARN_RANGE_LOOP_ANALYSIS = YES;
				CLANG_WARN_STRICT_PROTOTYPES = YES;
				CLANG_WARN_SUSPICIOUS_MOVE = YES;
				CLANG_WARN_UNGUARDED_AVAILABILITY = YES_AGGRESSIVE;
				CLANG_WARN_UNREACHABLE_CODE = YES;
				CLANG_WARN__DUPLICATE_METHOD_MATCH = YES;
				COPY_PHASE_STRIP = NO;
				DEBUG_INFORMATION_FORMAT = "dwarf-with-dsym";
				ENABLE_NS_ASSERTIONS = NO;
				ENABLE_STRICT_OBJC_MSGSEND = YES;
				GCC_C_LANGUAGE_STANDARD = gnu11;
				GCC_NO_COMMON_BLOCKS = YES;
				GCC_WARN_64_TO_32_BIT_CONVERSION = YES;
				GCC_WARN_ABOUT_RETURN_TYPE = YES_ERROR;
				GCC_WARN_UNDECLARED_SELECTOR = YES;
				GCC_WARN_UNINITIALIZED_AUTOS = YES_AGGRESSIVE;
				GCC_WARN_UNUSED_FUNCTION = YES;
				GCC_WARN_UNUSED_VARIABLE = YES;
				IPHONEOS_DEPLOYMENT_TARGET = 14.5;
				MTL_ENABLE_DEBUG_INFO = NO;
				MTL_FAST_MATH = YES;
				SDKROOT = iphoneos;
				SWIFT_COMPILATION_MODE = wholemodule;
				SWIFT_OPTIMIZATION_LEVEL = "-O";
				VALIDATE_PRODUCT = YES;
			};
			name = Release;
		};
		E90E7F5926C2352B00FB7251 /* Debug */ = {
			isa = XCBuildConfiguration;
			buildSettings = {
				ASSETCATALOG_COMPILER_APPICON_NAME = AppIcon;
				ASSETCATALOG_COMPILER_GLOBAL_ACCENT_COLOR_NAME = AccentColor;
				CODE_SIGN_STYLE = Automatic;
				DEVELOPMENT_TEAM = 8QZ5U5MR4E;
				INFOPLIST_FILE = AppStore/Info.plist;
				LD_RUNPATH_SEARCH_PATHS = (
					"$(inherited)",
					"@executable_path/Frameworks",
				);
				PRODUCT_BUNDLE_IDENTIFIER = unnnyong.AppStore;
				PRODUCT_NAME = "$(TARGET_NAME)";
				SWIFT_VERSION = 5.0;
				TARGETED_DEVICE_FAMILY = "1,2";
			};
			name = Debug;
		};
		E90E7F5A26C2352B00FB7251 /* Release */ = {
			isa = XCBuildConfiguration;
			buildSettings = {
				ASSETCATALOG_COMPILER_APPICON_NAME = AppIcon;
				ASSETCATALOG_COMPILER_GLOBAL_ACCENT_COLOR_NAME = AccentColor;
				CODE_SIGN_STYLE = Automatic;
				DEVELOPMENT_TEAM = 8QZ5U5MR4E;
				INFOPLIST_FILE = AppStore/Info.plist;
				LD_RUNPATH_SEARCH_PATHS = (
					"$(inherited)",
					"@executable_path/Frameworks",
				);
				PRODUCT_BUNDLE_IDENTIFIER = unnnyong.AppStore;
				PRODUCT_NAME = "$(TARGET_NAME)";
				SWIFT_VERSION = 5.0;
				TARGETED_DEVICE_FAMILY = "1,2";
			};
			name = Release;
		};
/* End XCBuildConfiguration section */

/* Begin XCConfigurationList section */
		E90E7F3F26C2352900FB7251 /* Build configuration list for PBXProject "AppStore" */ = {
			isa = XCConfigurationList;
			buildConfigurations = (
				E90E7F5626C2352B00FB7251 /* Debug */,
				E90E7F5726C2352B00FB7251 /* Release */,
			);
			defaultConfigurationIsVisible = 0;
			defaultConfigurationName = Release;
		};
		E90E7F5826C2352B00FB7251 /* Build configuration list for PBXNativeTarget "AppStore" */ = {
			isa = XCConfigurationList;
			buildConfigurations = (
				E90E7F5926C2352B00FB7251 /* Debug */,
				E90E7F5A26C2352B00FB7251 /* Release */,
			);
			defaultConfigurationIsVisible = 0;
			defaultConfigurationName = Release;
		};
/* End XCConfigurationList section */

/* Begin XCRemoteSwiftPackageReference section */
		E90E7F5B26C2362800FB7251 /* XCRemoteSwiftPackageReference "Kingfisher" */ = {
			isa = XCRemoteSwiftPackageReference;
			repositoryURL = "https://github.com/onevcat/Kingfisher.git";
			requirement = {
				kind = upToNextMajorVersion;
				minimumVersion = 6.3.1;
			};
		};
		E90E7F5E26C2365F00FB7251 /* XCRemoteSwiftPackageReference "SnapKit" */ = {
			isa = XCRemoteSwiftPackageReference;
			repositoryURL = "https://github.com/SnapKit/SnapKit.git";
			requirement = {
				kind = upToNextMajorVersion;
				minimumVersion = 5.0.1;
			};
		};
/* End XCRemoteSwiftPackageReference section */

/* Begin XCSwiftPackageProductDependency section */
		E90E7F5C26C2362800FB7251 /* Kingfisher */ = {
			isa = XCSwiftPackageProductDependency;
			package = E90E7F5B26C2362800FB7251 /* XCRemoteSwiftPackageReference "Kingfisher" */;
			productName = Kingfisher;
		};
		E90E7F5F26C2365F00FB7251 /* SnapKit */ = {
			isa = XCSwiftPackageProductDependency;
			package = E90E7F5E26C2365F00FB7251 /* XCRemoteSwiftPackageReference "SnapKit" */;
			productName = SnapKit;
		};
/* End XCSwiftPackageProductDependency section */
	};
	rootObject = E90E7F3C26C2352900FB7251 /* Project object */;
}
